{
    "name": "@vvsk/fullstack",
    "version": "1.0.3",
    "lockfileVersion": 3,
    "requires": true,
    "packages": {
        "": {
            "name": "@vvsk/fullstack",
            "version": "1.0.3",
            "license": "Apache-2.0",
            "bin": {
                "main": "bin/dynamic.js"
            }
        }
    }
}
