{
    "name": "app__",
    "version": "1.0.0",
    "lockfileVersion": 3,
    "requires": true,
    "packages": {
        "": {
            "name": "app__",
            "version": "1.0.0",
            "license": "ISC",
            "dependencies": {
                "@vvsk/fullstack": "^1.0.3"
            }
        },
        "node_modules/@vvsk/fullstack": {
            "version": "1.0.3",
            "resolved": "https://registry.npmjs.org/@vvsk/fullstack/-/fullstack-1.0.3.tgz",
            "integrity": "sha512-pC/76dUbsKoi5Z7HQIQQDQudyFTJk7Rch0X5cl1fwW8Zb52knpzq3XIb0+9h8vShIcqJAeex6HdScOROSJ4xGA==",
            "license": "Apache-2.0",
            "bin": {
                "main": "bin/dynamic.js"
            }
        }
    }
}
